
Microsoft Visual Studio Solution File, Format Version 12.00
# Visual Studio Version 16
VisualStudioVersion = 16.0.31313.79
MinimumVisualStudioVersion = 10.0.40219.1
Project("{FAE04EC0-301F-11D3-BF4B-00C04F79EFBC}") = "MyProject", "MyProject\MyProject.csproj", "{A2417770-A6C4-4B98-87D3-571AA973E49E}"
EndProject
Project("{FAE04EC0-301F-11D3-BF4B-00C04F79EFBC}") = "DatabaseProvider", "DatabaseProvider\DatabaseProvider.csproj", "{6C1484F6-57DF-4D6F-A9C1-38BC4B2AE293}"
EndProject
Project("{FAE04EC0-301F-11D3-BF4B-00C04F79EFBC}") = "DataBaseIO", "DataBaseIO\DataBaseIO.csproj", "{0A430E5B-527C-418F-B0EC-DD65CFB9BFFC}"
EndProject
Global
	GlobalSection(SolutionConfigurationPlatforms) = preSolution
		Debug|Any CPU = Debug|Any CPU
		Release|Any CPU = Release|Any CPU
	EndGlobalSection
	GlobalSection(ProjectConfigurationPlatforms) = postSolution
		{A2417770-A6C4-4B98-87D3-571AA973E49E}.Debug|Any CPU.ActiveCfg = Debug|Any CPU
		{A2417770-A6C4-4B98-87D3-571AA973E49E}.Debug|Any CPU.Build.0 = Debug|Any CPU
		{A2417770-A6C4-4B98-87D3-571AA973E49E}.Release|Any CPU.ActiveCfg = Release|Any CPU
		{A2417770-A6C4-4B98-87D3-571AA973E49E}.Release|Any CPU.Build.0 = Release|Any CPU
		{6C1484F6-57DF-4D6F-A9C1-38BC4B2AE293}.Debug|Any CPU.ActiveCfg = Debug|Any CPU
		{6C1484F6-57DF-4D6F-A9C1-38BC4B2AE293}.Debug|Any CPU.Build.0 = Debug|Any CPU
		{6C1484F6-57DF-4D6F-A9C1-38BC4B2AE293}.Release|Any CPU.ActiveCfg = Release|Any CPU
		{6C1484F6-57DF-4D6F-A9C1-38BC4B2AE293}.Release|Any CPU.Build.0 = Release|Any CPU
		{0A430E5B-527C-418F-B0EC-DD65CFB9BFFC}.Debug|Any CPU.ActiveCfg = Debug|Any CPU
		{0A430E5B-527C-418F-B0EC-DD65CFB9BFFC}.Debug|Any CPU.Build.0 = Debug|Any CPU
		{0A430E5B-527C-418F-B0EC-DD65CFB9BFFC}.Release|Any CPU.ActiveCfg = Release|Any CPU
		{0A430E5B-527C-418F-B0EC-DD65CFB9BFFC}.Release|Any CPU.Build.0 = Release|Any CPU
	EndGlobalSection
	GlobalSection(SolutionProperties) = preSolution
		HideSolutionNode = FALSE
	EndGlobalSection
	GlobalSection(ExtensibilityGlobals) = postSolution
		SolutionGuid = {6C3DF547-BA84-4D46-B7EB-F1C55780B29A}
	EndGlobalSection
EndGlobal
